
Microsoft Visual Studio Solution File, Format Version 12.00
# Visual Studio Version 16
VisualStudioVersion = 16.0.32602.291
MinimumVisualStudioVersion = 10.0.40219.1
Project("{FAE04EC0-301F-11D3-BF4B-00C04F79EFBC}") = "ProjectCourse", "ProjectCourse\ProjectCourse.csproj", "{22AF7225-439F-4B49-BB0E-0F839FF2E02D}"
EndProject
Global
	GlobalSection(SolutionConfigurationPlatforms) = preSolution
		Debug|Any CPU = Debug|Any CPU
		Release|Any CPU = Release|Any CPU
	EndGlobalSection
	GlobalSection(ProjectConfigurationPlatforms) = postSolution
		{22AF7225-439F-4B49-BB0E-0F839FF2E02D}.Debug|Any CPU.ActiveCfg = Debug|Any CPU
		{22AF7225-439F-4B49-BB0E-0F839FF2E02D}.Debug|Any CPU.Build.0 = Debug|Any CPU
		{22AF7225-439F-4B49-BB0E-0F839FF2E02D}.Release|Any CPU.ActiveCfg = Release|Any CPU
		{22AF7225-439F-4B49-BB0E-0F839FF2E02D}.Release|Any CPU.Build.0 = Release|Any CPU
	EndGlobalSection
	GlobalSection(SolutionProperties) = preSolution
		HideSolutionNode = FALSE
	EndGlobalSection
	GlobalSection(ExtensibilityGlobals) = postSolution
		SolutionGuid = {A747DD2C-8A26-4909-9417-4322DBC76DD1}
	EndGlobalSection
EndGlobal
